// !$*UTF8*$!
{
	archiveVersion = 1;
	classes = {
	};
	objectVersion = 48;
	objects = {

/* Begin PBXBuildFile section */
		E096D4591FC1D99D00FD3E9B /* AppDelegate.swift in Sources */ = {isa = PBXBuildFile; fileRef = E096D4581FC1D99D00FD3E9B /* AppDelegate.swift */; };
		E096D45B1FC1D99D00FD3E9B /* ViewController.swift in Sources */ = {isa = PBXBuildFile; fileRef = E096D45A1FC1D99D00FD3E9B /* ViewController.swift */; };
		E096D45E1FC1D99D00FD3E9B /* Main.storyboard in Resources */ = {isa = PBXBuildFile; fileRef = E096D45C1FC1D99D00FD3E9B /* Main.storyboard */; };
		E096D4601FC1D99D00FD3E9B /* Assets.xcassets in Resources */ = {isa = PBXBuildFile; fileRef = E096D45F1FC1D99D00FD3E9B /* Assets.xcassets */; };
		E096D4631FC1D99D00FD3E9B /* LaunchScreen.storyboard in Resources */ = {isa = PBXBuildFile; fileRef = E096D4611FC1D99D00FD3E9B /* LaunchScreen.storyboard */; };
		E096D46E1FC1D99D00FD3E9B /* LastTestTests.swift in Sources */ = {isa = PBXBuildFile; fileRef = E096D46D1FC1D99D00FD3E9B /* LastTestTests.swift */; };
		E096D4791FC1D99E00FD3E9B /* LastTestUITests.swift in Sources */ = {isa = PBXBuildFile; fileRef = E096D4781FC1D99E00FD3E9B /* LastTestUITests.swift */; };
/* End PBXBuildFile section */

/* Begin PBXContainerItemProxy section */
		E096D46A1FC1D99D00FD3E9B /* PBXContainerItemProxy */ = {
			isa = PBXContainerItemProxy;
			containerPortal = E096D44D1FC1D99D00FD3E9B /* Project object */;
			proxyType = 1;
			remoteGlobalIDString = E096D4541FC1D99D00FD3E9B;
			remoteInfo = LastTest;
		};
		E096D4751FC1D99E00FD3E9B /* PBXContainerItemProxy */ = {
			isa = PBXContainerItemProxy;
			containerPortal = E096D44D1FC1D99D00FD3E9B /* Project object */;
			proxyType = 1;
			remoteGlobalIDString = E096D4541FC1D99D00FD3E9B;
			remoteInfo = LastTest;
		};
/* End PBXContainerItemProxy section */

/* Begin PBXFileReference section */
		E096D4551FC1D99D00FD3E9B /* LastTest.app */ = {isa = PBXFileReference; explicitFileType = wrapper.application; includeInIndex = 0; path = LastTest.app; sourceTree = BUILT_PRODUCTS_DIR; };
		E096D4581FC1D99D00FD3E9B /* AppDelegate.swift */ = {isa = PBXFileReference; lastKnownFileType = sourcecode.swift; path = AppDelegate.swift; sourceTree = "<group>"; };
		E096D45A1FC1D99D00FD3E9B /* ViewController.swift */ = {isa = PBXFileReference; lastKnownFileType = sourcecode.swift; path = ViewController.swift; sourceTree = "<group>"; };
		E096D45D1FC1D99D00FD3E9B /* Base */ = {isa = PBXFileReference; lastKnownFileType = file.storyboard; name = Base; path = Base.lproj/Main.storyboard; sourceTree = "<group>"; };
		E096D45F1FC1D99D00FD3E9B /* Assets.xcassets */ = {isa = PBXFileReference; lastKnownFileType = folder.assetcatalog; path = Assets.xcassets; sourceTree = "<group>"; };
		E096D4621FC1D99D00FD3E9B /* Base */ = {isa = PBXFileReference; lastKnownFileType = file.storyboard; name = Base; path = Base.lproj/LaunchScreen.storyboard; sourceTree = "<group>"; };
		E096D4641FC1D99D00FD3E9B /* Info.plist */ = {isa = PBXFileReference; lastKnownFileType = text.plist.xml; path = Info.plist; sourceTree = "<group>"; };
		E096D4691FC1D99D00FD3E9B /* LastTestTests.xctest */ = {isa = PBXFileReference; explicitFileType = wrapper.cfbundle; includeInIndex = 0; path = LastTestTests.xctest; sourceTree = BUILT_PRODUCTS_DIR; };
		E096D46D1FC1D99D00FD3E9B /* LastTestTests.swift */ = {isa = PBXFileReference; lastKnownFileType = sourcecode.swift; path = LastTestTests.swift; sourceTree = "<group>"; };
		E096D46F1FC1D99D00FD3E9B /* Info.plist */ = {isa = PBXFileReference; lastKnownFileType = text.plist.xml; path = Info.plist; sourceTree = "<group>"; };
		E096D4741FC1D99E00FD3E9B /* LastTestUITests.xctest */ = {isa = PBXFileReference; explicitFileType = wrapper.cfbundle; includeInIndex = 0; path = LastTestUITests.xctest; sourceTree = BUILT_PRODUCTS_DIR; };
		E096D4781FC1D99E00FD3E9B /* LastTestUITests.swift */ = {isa = PBXFileReference; lastKnownFileType = sourcecode.swift; path = LastTestUITests.swift; sourceTree = "<group>"; };
		E096D47A1FC1D99E00FD3E9B /* Info.plist */ = {isa = PBXFileReference; lastKnownFileType = text.plist.xml; path = Info.plist; sourceTree = "<group>"; };
/* End PBXFileReference section */

/* Begin PBXFrameworksBuildPhase section */
		E096D4521FC1D99D00FD3E9B /* Frameworks */ = {
			isa = PBXFrameworksBuildPhase;
			buildActionMask = 2147483647;
			files = (
			);
			runOnlyForDeploymentPostprocessing = 0;
		};
		E096D4661FC1D99D00FD3E9B /* Frameworks */ = {
			isa = PBXFrameworksBuildPhase;
			buildActionMask = 2147483647;
			files = (
			);
			runOnlyForDeploymentPostprocessing = 0;
		};
		E096D4711FC1D99E00FD3E9B /* Frameworks */ = {
			isa = PBXFrameworksBuildPhase;
			buildActionMask = 2147483647;
			files = (
			);
			runOnlyForDeploymentPostprocessing = 0;
		};
/* End PBXFrameworksBuildPhase section */

/* Begin PBXGroup section */
		E096D44C1FC1D99D00FD3E9B = {
			isa = PBXGroup;
			children = (
				E096D4571FC1D99D00FD3E9B /* LastTest */,
				E096D46C1FC1D99D00FD3E9B /* LastTestTests */,
				E096D4771FC1D99E00FD3E9B /* LastTestUITests */,
				E096D4561FC1D99D00FD3E9B /* Products */,
			);
			sourceTree = "<group>";
		};
		E096D4561FC1D99D00FD3E9B /* Products */ = {
			isa = PBXGroup;
			children = (
				E096D4551FC1D99D00FD3E9B /* LastTest.app */,
				E096D4691FC1D99D00FD3E9B /* LastTestTests.xctest */,
				E096D4741FC1D99E00FD3E9B /* LastTestUITests.xctest */,
			);
			name = Products;
			sourceTree = "<group>";
		};
		E096D4571FC1D99D00FD3E9B /* LastTest */ = {
			isa = PBXGroup;
			children = (
				E096D4581FC1D99D00FD3E9B /* AppDelegate.swift */,
				E096D45A1FC1D99D00FD3E9B /* ViewController.swift */,
				E096D45C1FC1D99D00FD3E9B /* Main.storyboard */,
				E096D45F1FC1D99D00FD3E9B /* Assets.xcassets */,
				E096D4611FC1D99D00FD3E9B /* LaunchScreen.storyboard */,
				E096D4641FC1D99D00FD3E9B /* Info.plist */,
			);
			path = LastTest;
			sourceTree = "<group>";
		};
		E096D46C1FC1D99D00FD3E9B /* LastTestTests */ = {
			isa = PBXGroup;
			children = (
				E096D46D1FC1D99D00FD3E9B /* LastTestTests.swift */,
				E096D46F1FC1D99D00FD3E9B /* Info.plist */,
			);
			path = LastTestTests;
			sourceTree = "<group>";
		};
		E096D4771FC1D99E00FD3E9B /* LastTestUITests */ = {
			isa = PBXGroup;
			children = (
				E096D4781FC1D99E00FD3E9B /* LastTestUITests.swift */,
				E096D47A1FC1D99E00FD3E9B /* Info.plist */,
			);
			path = LastTestUITests;
			sourceTree = "<group>";
		};
/* End PBXGroup section */

/* Begin PBXNativeTarget section */
		E096D4541FC1D99D00FD3E9B /* LastTest */ = {
			isa = PBXNativeTarget;
			buildConfigurationList = E096D47D1FC1D99E00FD3E9B /* Build configuration list for PBXNativeTarget "LastTest" */;
			buildPhases = (
				E096D4511FC1D99D00FD3E9B /* Sources */,
				E096D4521FC1D99D00FD3E9B /* Frameworks */,
				E096D4531FC1D99D00FD3E9B /* Resources */,
			);
			buildRules = (
			);
			dependencies = (
			);
			name = LastTest;
			productName = LastTest;
			productReference = E096D4551FC1D99D00FD3E9B /* LastTest.app */;
			productType = "com.apple.product-type.application";
		};
		E096D4681FC1D99D00FD3E9B /* LastTestTests */ = {
			isa = PBXNativeTarget;
			buildConfigurationList = E096D4801FC1D99E00FD3E9B /* Build configuration list for PBXNativeTarget "LastTestTests" */;
			buildPhases = (
				E096D4651FC1D99D00FD3E9B /* Sources */,
				E096D4661FC1D99D00FD3E9B /* Frameworks */,
				E096D4671FC1D99D00FD3E9B /* Resources */,
			);
			buildRules = (
			);
			dependencies = (
				E096D46B1FC1D99D00FD3E9B /* PBXTargetDependency */,
			);
			name = LastTestTests;
			productName = LastTestTests;
			productReference = E096D4691FC1D99D00FD3E9B /* LastTestTests.xctest */;
			productType = "com.apple.product-type.bundle.unit-test";
		};
		E096D4731FC1D99E00FD3E9B /* LastTestUITests */ = {
			isa = PBXNativeTarget;
			buildConfigurationList = E096D4831FC1D99E00FD3E9B /* Build configuration list for PBXNativeTarget "LastTestUITests" */;
			buildPhases = (
				E096D4701FC1D99E00FD3E9B /* Sources */,
				E096D4711FC1D99E00FD3E9B /* Frameworks */,
				E096D4721FC1D99E00FD3E9B /* Resources */,
			);
			buildRules = (
			);
			dependencies = (
				E096D4761FC1D99E00FD3E9B /* PBXTargetDependency */,
			);
			name = LastTestUITests;
			productName = LastTestUITests;
			productReference = E096D4741FC1D99E00FD3E9B /* LastTestUITests.xctest */;
			productType = "com.apple.product-type.bundle.ui-testing";
		};
/* End PBXNativeTarget section */

/* Begin PBXProject section */
		E096D44D1FC1D99D00FD3E9B /* Project object */ = {
			isa = PBXProject;
			attributes = {
				LastSwiftUpdateCheck = 0910;
				LastUpgradeCheck = 0910;
				ORGANIZATIONNAME = zhengxh;
				TargetAttributes = {
					E096D4541FC1D99D00FD3E9B = {
						CreatedOnToolsVersion = 9.1;
						ProvisioningStyle = Automatic;
					};
					E096D4681FC1D99D00FD3E9B = {
						CreatedOnToolsVersion = 9.1;
						ProvisioningStyle = Automatic;
						TestTargetID = E096D4541FC1D99D00FD3E9B;
					};
					E096D4731FC1D99E00FD3E9B = {
						CreatedOnToolsVersion = 9.1;
						ProvisioningStyle = Automatic;
						TestTargetID = E096D4541FC1D99D00FD3E9B;
					};
				};
			};
			buildConfigurationList = E096D4501FC1D99D00FD3E9B /* Build configuration list for PBXProject "LastTest" */;
			compatibilityVersion = "Xcode 8.0";
			developmentRegion = en;
			hasScannedForEncodings = 0;
			knownRegions = (
				en,
				Base,
			);
			mainGroup = E096D44C1FC1D99D00FD3E9B;
			productRefGroup = E096D4561FC1D99D00FD3E9B /* Products */;
			projectDirPath = "";
			projectRoot = "";
			targets = (
				E096D4541FC1D99D00FD3E9B /* LastTest */,
				E096D4681FC1D99D00FD3E9B /* LastTestTests */,
				E096D4731FC1D99E00FD3E9B /* LastTestUITests */,
			);
		};
/* End PBXProject section */

/* Begin PBXResourcesBuildPhase section */
		E096D4531FC1D99D00FD3E9B /* Resources */ = {
			isa = PBXResourcesBuildPhase;
			buildActionMask = 2147483647;
			files = (
				E096D4631FC1D99D00FD3E9B /* LaunchScreen.storyboard in Resources */,
				E096D4601FC1D99D00FD3E9B /* Assets.xcassets in Resources */,
				E096D45E1FC1D99D00FD3E9B /* Main.storyboard in Resources */,
			);
			runOnlyForDeploymentPostprocessing = 0;
		};
		E096D4671FC1D99D00FD3E9B /* Resources */ = {
			isa = PBXResourcesBuildPhase;
			buildActionMask = 2147483647;
			files = (
			);
			runOnlyForDeploymentPostprocessing = 0;
		};
		E096D4721FC1D99E00FD3E9B /* Resources */ = {
			isa = PBXResourcesBuildPhase;
			buildActionMask = 2147483647;
			files = (
			);
			runOnlyForDeploymentPostprocessing = 0;
		};
/* End PBXResourcesBuildPhase section */

/* Begin PBXSourcesBuildPhase section */
		E096D4511FC1D99D00FD3E9B /* Sources */ = {
			isa = PBXSourcesBuildPhase;
			buildActionMask = 2147483647;
			files = (
				E096D45B1FC1D99D00FD3E9B /* ViewController.swift in Sources */,
				E096D4591FC1D99D00FD3E9B /* AppDelegate.swift in Sources */,
			);
			runOnlyForDeploymentPostprocessing = 0;
		};
		E096D4651FC1D99D00FD3E9B /* Sources */ = {
			isa = PBXSourcesBuildPhase;
			buildActionMask = 2147483647;
			files = (
				E096D46E1FC1D99D00FD3E9B /* LastTestTests.swift in Sources */,
			);
			runOnlyForDeploymentPostprocessing = 0;
		};
		E096D4701FC1D99E00FD3E9B /* Sources */ = {
			isa = PBXSourcesBuildPhase;
			buildActionMask = 2147483647;
			files = (
				E096D4791FC1D99E00FD3E9B /* LastTestUITests.swift in Sources */,
			);
			runOnlyForDeploymentPostprocessing = 0;
		};
/* End PBXSourcesBuildPhase section */

/* Begin PBXTargetDependency section */
		E096D46B1FC1D99D00FD3E9B /* PBXTargetDependency */ = {
			isa = PBXTargetDependency;
			target = E096D4541FC1D99D00FD3E9B /* LastTest */;
			targetProxy = E096D46A1FC1D99D00FD3E9B /* PBXContainerItemProxy */;
		};
		E096D4761FC1D99E00FD3E9B /* PBXTargetDependency */ = {
			isa = PBXTargetDependency;
			target = E096D4541FC1D99D00FD3E9B /* LastTest */;
			targetProxy = E096D4751FC1D99E00FD3E9B /* PBXContainerItemProxy */;
		};
/* End PBXTargetDependency section */

/* Begin PBXVariantGroup section */
		E096D45C1FC1D99D00FD3E9B /* Main.storyboard */ = {
			isa = PBXVariantGroup;
			children = (
				E096D45D1FC1D99D00FD3E9B /* Base */,
			);
			name = Main.storyboard;
			sourceTree = "<group>";
		};
		E096D4611FC1D99D00FD3E9B /* LaunchScreen.storyboard */ = {
			isa = PBXVariantGroup;
			children = (
				E096D4621FC1D99D00FD3E9B /* Base */,
			);
			name = LaunchScreen.storyboard;
			sourceTree = "<group>";
		};
/* End PBXVariantGroup section */

/* Begin XCBuildConfiguration section */
		E096D47B1FC1D99E00FD3E9B /* Debug */ = {
			isa = XCBuildConfiguration;
			buildSettings = {
				ALWAYS_SEARCH_USER_PATHS = NO;
				CLANG_ANALYZER_NONNULL = YES;
				CLANG_ANALYZER_NUMBER_OBJECT_CONVERSION = YES_AGGRESSIVE;
				CLANG_CXX_LANGUAGE_STANDARD = "gnu++14";
				CLANG_CXX_LIBRARY = "libc++";
				CLANG_ENABLE_MODULES = YES;
				CLANG_ENABLE_OBJC_ARC = YES;
				CLANG_WARN_BLOCK_CAPTURE_AUTORELEASING = YES;
				CLANG_WARN_BOOL_CONVERSION = YES;
				CLANG_WARN_COMMA = YES;
				CLANG_WARN_CONSTANT_CONVERSION = YES;
				CLANG_WARN_DIRECT_OBJC_ISA_USAGE = YES_ERROR;
				CLANG_WARN_DOCUMENTATION_COMMENTS = YES;
				CLANG_WARN_EMPTY_BODY = YES;
				CLANG_WARN_ENUM_CONVERSION = YES;
				CLANG_WARN_INFINITE_RECURSION = YES;
				CLANG_WARN_INT_CONVERSION = YES;
				CLANG_WARN_NON_LITERAL_NULL_CONVERSION = YES;
				CLANG_WARN_OBJC_LITERAL_CONVERSION = YES;
				CLANG_WARN_OBJC_ROOT_CLASS = YES_ERROR;
				CLANG_WARN_RANGE_LOOP_ANALYSIS = YES;
				CLANG_WARN_STRICT_PROTOTYPES = YES;
				CLANG_WARN_SUSPICIOUS_MOVE = YES;
				CLANG_WARN_UNGUARDED_AVAILABILITY = YES_AGGRESSIVE;
				CLANG_WARN_UNREACHABLE_CODE = YES;
				CLANG_WARN__DUPLICATE_METHOD_MATCH = YES;
				CODE_SIGN_IDENTITY = "iPhone Developer";
				COPY_PHASE_STRIP = NO;
				DEBUG_INFORMATION_FORMAT = dwarf;
				ENABLE_STRICT_OBJC_MSGSEND = YES;
				ENABLE_TESTABILITY = YES;
				GCC_C_LANGUAGE_STANDARD = gnu11;
				GCC_DYNAMIC_NO_PIC = NO;
				GCC_NO_COMMON_BLOCKS = YES;
				GCC_OPTIMIZATION_LEVEL = 0;
				GCC_PREPROCESSOR_DEFINITIONS = (
					"DEBUG=1",
					"$(inherited)",
				);
				GCC_WARN_64_TO_32_BIT_CONVERSION = YES;
				GCC_WARN_ABOUT_RETURN_TYPE = YES_ERROR;
				GCC_WARN_UNDECLARED_SELECTOR = YES;
				GCC_WARN_UNINITIALIZED_AUTOS = YES_AGGRESSIVE;
				GCC_WARN_UNUSED_FUNCTION = YES;
				GCC_WARN_UNUSED_VARIABLE = YES;
				IPHONEOS_DEPLOYMENT_TARGET = 11.1;
				MTL_ENABLE_DEBUG_INFO = YES;
				ONLY_ACTIVE_ARCH = YES;
				SDKROOT = iphoneos;
				SWIFT_ACTIVE_COMPILATION_CONDITIONS = DEBUG;
				SWIFT_OPTIMIZATION_LEVEL = "-Onone";
			};
			name = Debug;
		};
		E096D47C1FC1D99E00FD3E9B /* Release */ = {
			isa = XCBuildConfiguration;
			buildSettings = {
				ALWAYS_SEARCH_USER_PATHS = NO;
				CLANG_ANALYZER_NONNULL = YES;
				CLANG_ANALYZER_NUMBER_OBJECT_CONVERSION = YES_AGGRESSIVE;
				CLANG_CXX_LANGUAGE_STANDARD = "gnu++14";
				CLANG_CXX_LIBRARY = "libc++";
				CLANG_ENABLE_MODULES = YES;
				CLANG_ENABLE_OBJC_ARC = YES;
				CLANG_WARN_BLOCK_CAPTURE_AUTORELEASING = YES;
				CLANG_WARN_BOOL_CONVERSION = YES;
				CLANG_WARN_COMMA = YES;
				CLANG_WARN_CONSTANT_CONVERSION = YES;
				CLANG_WARN_DIRECT_OBJC_ISA_USAGE = YES_ERROR;
				CLANG_WARN_DOCUMENTATION_COMMENTS = YES;
				CLANG_WARN_EMPTY_BODY = YES;
				CLANG_WARN_ENUM_CONVERSION = YES;
				CLANG_WARN_INFINITE_RECURSION = YES;
				CLANG_WARN_INT_CONVERSION = YES;
				CLANG_WARN_NON_LITERAL_NULL_CONVERSION = YES;
				CLANG_WARN_OBJC_LITERAL_CONVERSION = YES;
				CLANG_WARN_OBJC_ROOT_CLASS = YES_ERROR;
				CLANG_WARN_RANGE_LOOP_ANALYSIS = YES;
				CLANG_WARN_STRICT_PROTOTYPES = YES;
				CLANG_WARN_SUSPICIOUS_MOVE = YES;
				CLANG_WARN_UNGUARDED_AVAILABILITY = YES_AGGRESSIVE;
				CLANG_WARN_UNREACHABLE_CODE = YES;
				CLANG_WARN__DUPLICATE_METHOD_MATCH = YES;
				CODE_SIGN_IDENTITY = "iPhone Developer";
				COPY_PHASE_STRIP = NO;
				DEBUG_INFORMATION_FORMAT = "dwarf-with-dsym";
				ENABLE_NS_ASSERTIONS = NO;
				ENABLE_STRICT_OBJC_MSGSEND = YES;
				GCC_C_LANGUAGE_STANDARD = gnu11;
				GCC_NO_COMMON_BLOCKS = YES;
				GCC_WARN_64_TO_32_BIT_CONVERSION = YES;
				GCC_WARN_ABOUT_RETURN_TYPE = YES_ERROR;
				GCC_WARN_UNDECLARED_SELECTOR = YES;
				GCC_WARN_UNINITIALIZED_AUTOS = YES_AGGRESSIVE;
				GCC_WARN_UNUSED_FUNCTION = YES;
				GCC_WARN_UNUSED_VARIABLE = YES;
				IPHONEOS_DEPLOYMENT_TARGET = 11.1;
				MTL_ENABLE_DEBUG_INFO = NO;
				SDKROOT = iphoneos;
				SWIFT_OPTIMIZATION_LEVEL = "-Owholemodule";
				VALIDATE_PRODUCT = YES;
			};
			name = Release;
		};
		E096D47E1FC1D99E00FD3E9B /* Debug */ = {
			isa = XCBuildConfiguration;
			buildSettings = {
				ASSETCATALOG_COMPILER_APPICON_NAME = AppIcon;
				CODE_SIGN_STYLE = Automatic;
				INFOPLIST_FILE = LastTest/Info.plist;
				LD_RUNPATH_SEARCH_PATHS = "$(inherited) @executable_path/Frameworks";
				PRODUCT_BUNDLE_IDENTIFIER = ZUST.LastTest;
				PRODUCT_NAME = "$(TARGET_NAME)";
				SWIFT_VERSION = 4.0;
				TARGETED_DEVICE_FAMILY = "1,2";
			};
			name = Debug;
		};
		E096D47F1FC1D99E00FD3E9B /* Release */ = {
			isa = XCBuildConfiguration;
			buildSettings = {
				ASSETCATALOG_COMPILER_APPICON_NAME = AppIcon;
				CODE_SIGN_STYLE = Automatic;
				INFOPLIST_FILE = LastTest/Info.plist;
				LD_RUNPATH_SEARCH_PATHS = "$(inherited) @executable_path/Frameworks";
				PRODUCT_BUNDLE_IDENTIFIER = ZUST.LastTest;
				PRODUCT_NAME = "$(TARGET_NAME)";
				SWIFT_VERSION = 4.0;
				TARGETED_DEVICE_FAMILY = "1,2";
			};
			name = Release;
		};
		E096D4811FC1D99E00FD3E9B /* Debug */ = {
			isa = XCBuildConfiguration;
			buildSettings = {
				ALWAYS_EMBED_SWIFT_STANDARD_LIBRARIES = YES;
				BUNDLE_LOADER = "$(TEST_HOST)";
				CODE_SIGN_STYLE = Automatic;
				INFOPLIST_FILE = LastTestTests/Info.plist;
				LD_RUNPATH_SEARCH_PATHS = "$(inherited) @executable_path/Frameworks @loader_path/Frameworks";
				PRODUCT_BUNDLE_IDENTIFIER = ZUST.LastTestTests;
				PRODUCT_NAME = "$(TARGET_NAME)";
				SWIFT_VERSION = 4.0;
				TARGETED_DEVICE_FAMILY = "1,2";
				TEST_HOST = "$(BUILT_PRODUCTS_DIR)/LastTest.app/LastTest";
			};
			name = Debug;
		};
		E096D4821FC1D99E00FD3E9B /* Release */ = {
			isa = XCBuildConfiguration;
			buildSettings = {
				ALWAYS_EMBED_SWIFT_STANDARD_LIBRARIES = YES;
				BUNDLE_LOADER = "$(TEST_HOST)";
				CODE_SIGN_STYLE = Automatic;
				INFOPLIST_FILE = LastTestTests/Info.plist;
				LD_RUNPATH_SEARCH_PATHS = "$(inherited) @executable_path/Frameworks @loader_path/Frameworks";
				PRODUCT_BUNDLE_IDENTIFIER = ZUST.LastTestTests;
				PRODUCT_NAME = "$(TARGET_NAME)";
				SWIFT_VERSION = 4.0;
				TARGETED_DEVICE_FAMILY = "1,2";
				TEST_HOST = "$(BUILT_PRODUCTS_DIR)/LastTest.app/LastTest";
			};
			name = Release;
		};
		E096D4841FC1D99E00FD3E9B /* Debug */ = {
			isa = XCBuildConfiguration;
			buildSettings = {
				ALWAYS_EMBED_SWIFT_STANDARD_LIBRARIES = YES;
				CODE_SIGN_STYLE = Automatic;
				INFOPLIST_FILE = LastTestUITests/Info.plist;
				LD_RUNPATH_SEARCH_PATHS = "$(inherited) @executable_path/Frameworks @loader_path/Frameworks";
				PRODUCT_BUNDLE_IDENTIFIER = ZUST.LastTestUITests;
				PRODUCT_NAME = "$(TARGET_NAME)";
				SWIFT_VERSION = 4.0;
				TARGETED_DEVICE_FAMILY = "1,2";
				TEST_TARGET_NAME = LastTest;
			};
			name = Debug;
		};
		E096D4851FC1D99E00FD3E9B /* Release */ = {
			isa = XCBuildConfiguration;
			buildSettings = {
				ALWAYS_EMBED_SWIFT_STANDARD_LIBRARIES = YES;
				CODE_SIGN_STYLE = Automatic;
				INFOPLIST_FILE = LastTestUITests/Info.plist;
				LD_RUNPATH_SEARCH_PATHS = "$(inherited) @executable_path/Frameworks @loader_path/Frameworks";
				PRODUCT_BUNDLE_IDENTIFIER = ZUST.LastTestUITests;
				PRODUCT_NAME = "$(TARGET_NAME)";
				SWIFT_VERSION = 4.0;
				TARGETED_DEVICE_FAMILY = "1,2";
				TEST_TARGET_NAME = LastTest;
			};
			name = Release;
		};
/* End XCBuildConfiguration section */

/* Begin XCConfigurationList section */
		E096D4501FC1D99D00FD3E9B /* Build configuration list for PBXProject "LastTest" */ = {
			isa = XCConfigurationList;
			buildConfigurations = (
				E096D47B1FC1D99E00FD3E9B /* Debug */,
				E096D47C1FC1D99E00FD3E9B /* Release */,
			);
			defaultConfigurationIsVisible = 0;
			defaultConfigurationName = Release;
		};
		E096D47D1FC1D99E00FD3E9B /* Build configuration list for PBXNativeTarget "LastTest" */ = {
			isa = XCConfigurationList;
			buildConfigurations = (
				E096D47E1FC1D99E00FD3E9B /* Debug */,
				E096D47F1FC1D99E00FD3E9B /* Release */,
			);
			defaultConfigurationIsVisible = 0;
			defaultConfigurationName = Release;
		};
		E096D4801FC1D99E00FD3E9B /* Build configuration list for PBXNativeTarget "LastTestTests" */ = {
			isa = XCConfigurationList;
			buildConfigurations = (
				E096D4811FC1D99E00FD3E9B /* Debug */,
				E096D4821FC1D99E00FD3E9B /* Release */,
			);
			defaultConfigurationIsVisible = 0;
			defaultConfigurationName = Release;
		};
		E096D4831FC1D99E00FD3E9B /* Build configuration list for PBXNativeTarget "LastTestUITests" */ = {
			isa = XCConfigurationList;
			buildConfigurations = (
				E096D4841FC1D99E00FD3E9B /* Debug */,
				E096D4851FC1D99E00FD3E9B /* Release */,
			);
			defaultConfigurationIsVisible = 0;
			defaultConfigurationName = Release;
		};
/* End XCConfigurationList section */
	};
	rootObject = E096D44D1FC1D99D00FD3E9B /* Project object */;
}
